
Microsoft Visual Studio Solution File, Format Version 12.00
# Visual Studio 2013
VisualStudioVersion = 12.0.31101.0
MinimumVisualStudioVersion = 10.0.40219.1
Project("{FAE04EC0-301F-11D3-BF4B-00C04F79EFBC}") = "01. SchoolSystem", "SchoolSystem\01. SchoolSystem.csproj", "{2B6C8B59-C83F-4165-B180-166F40DA3EFE}"
EndProject
Project("{FAE04EC0-301F-11D3-BF4B-00C04F79EFBC}") = "02. StudentsAndWorkers", "StudentsAndWorkers\02. StudentsAndWorkers.csproj", "{C414EB26-DA68-4A64-A3B7-AE1E29587F71}"
EndProject
Project("{FAE04EC0-301F-11D3-BF4B-00C04F79EFBC}") = "03. AnimalHierarchy", "AnimalHierarchy\03. AnimalHierarchy.csproj", "{29FB7E8C-4500-4888-ACE2-DA8BDE437DB3}"
EndProject
Global
	GlobalSection(SolutionConfigurationPlatforms) = preSolution
		Debug|Any CPU = Debug|Any CPU
		Release|Any CPU = Release|Any CPU
	EndGlobalSection
	GlobalSection(ProjectConfigurationPlatforms) = postSolution
		{2B6C8B59-C83F-4165-B180-166F40DA3EFE}.Debug|Any CPU.ActiveCfg = Debug|Any CPU
		{2B6C8B59-C83F-4165-B180-166F40DA3EFE}.Debug|Any CPU.Build.0 = Debug|Any CPU
		{2B6C8B59-C83F-4165-B180-166F40DA3EFE}.Release|Any CPU.ActiveCfg = Release|Any CPU
		{2B6C8B59-C83F-4165-B180-166F40DA3EFE}.Release|Any CPU.Build.0 = Release|Any CPU
		{C414EB26-DA68-4A64-A3B7-AE1E29587F71}.Debug|Any CPU.ActiveCfg = Debug|Any CPU
		{C414EB26-DA68-4A64-A3B7-AE1E29587F71}.Debug|Any CPU.Build.0 = Debug|Any CPU
		{C414EB26-DA68-4A64-A3B7-AE1E29587F71}.Release|Any CPU.ActiveCfg = Release|Any CPU
		{C414EB26-DA68-4A64-A3B7-AE1E29587F71}.Release|Any CPU.Build.0 = Release|Any CPU
		{29FB7E8C-4500-4888-ACE2-DA8BDE437DB3}.Debug|Any CPU.ActiveCfg = Debug|Any CPU
		{29FB7E8C-4500-4888-ACE2-DA8BDE437DB3}.Debug|Any CPU.Build.0 = Debug|Any CPU
		{29FB7E8C-4500-4888-ACE2-DA8BDE437DB3}.Release|Any CPU.ActiveCfg = Release|Any CPU
		{29FB7E8C-4500-4888-ACE2-DA8BDE437DB3}.Release|Any CPU.Build.0 = Release|Any CPU
	EndGlobalSection
	GlobalSection(SolutionProperties) = preSolution
		HideSolutionNode = FALSE
	EndGlobalSection
EndGlobal
